
Microsoft Visual Studio Solution File, Format Version 12.00
# Visual Studio Version 17
VisualStudioVersion = 17.13.35913.81 d17.13
MinimumVisualStudioVersion = 10.0.40219.1
Project("{FAE04EC0-301F-11D3-BF4B-00C04F79EFBC}") = "DiakKezelo", "DiakKezelo\DiakKezelo.csproj", "{5D760CC4-CF69-4F50-A8AA-FCB380F855F9}"
EndProject
Global
	GlobalSection(SolutionConfigurationPlatforms) = preSolution
		Debug|Any CPU = Debug|Any CPU
		Release|Any CPU = Release|Any CPU
	EndGlobalSection
	GlobalSection(ProjectConfigurationPlatforms) = postSolution
		{5D760CC4-CF69-4F50-A8AA-FCB380F855F9}.Debug|Any CPU.ActiveCfg = Debug|Any CPU
		{5D760CC4-CF69-4F50-A8AA-FCB380F855F9}.Debug|Any CPU.Build.0 = Debug|Any CPU
		{5D760CC4-CF69-4F50-A8AA-FCB380F855F9}.Release|Any CPU.ActiveCfg = Release|Any CPU
		{5D760CC4-CF69-4F50-A8AA-FCB380F855F9}.Release|Any CPU.Build.0 = Release|Any CPU
	EndGlobalSection
	GlobalSection(SolutionProperties) = preSolution
		HideSolutionNode = FALSE
	EndGlobalSection
	GlobalSection(ExtensibilityGlobals) = postSolution
		SolutionGuid = {515499B0-B5EB-4B9B-9C04-F987D9EAFC1B}
	EndGlobalSection
EndGlobal
